
Microsoft Visual Studio Solution File, Format Version 9.00
# Visual Studio 2005
Project("{8BC9CEB8-8B4A-11D0-8D11-00A0C91BC942}") = "getDouble", "getDouble.vcproj", "{78008B1C-1BAF-457D-A06C-A3B439F057A0}"
EndProject
Global
	GlobalSection(SolutionConfigurationPlatforms) = preSolution
		Debug|Win32 = Debug|Win32
		Release|Win32 = Release|Win32
	EndGlobalSection
	GlobalSection(ProjectConfigurationPlatforms) = postSolution
		{78008B1C-1BAF-457D-A06C-A3B439F057A0}.Debug|Win32.ActiveCfg = Debug|Win32
		{78008B1C-1BAF-457D-A06C-A3B439F057A0}.Debug|Win32.Build.0 = Debug|Win32
		{78008B1C-1BAF-457D-A06C-A3B439F057A0}.Release|Win32.ActiveCfg = Release|Win32
		{78008B1C-1BAF-457D-A06C-A3B439F057A0}.Release|Win32.Build.0 = Release|Win32
	EndGlobalSection
	GlobalSection(SolutionProperties) = preSolution
		HideSolutionNode = FALSE
	EndGlobalSection
EndGlobal
