
Microsoft Visual Studio Solution File, Format Version 11.00
# Visual Studio 2010
Project("{8BC9CEB8-8B4A-11D0-8D11-00A0C91BC942}") = "getDouble", "getDouble.vcxproj", "{C666FEB8-7729-6902-2600-714A5D5373C8}"
EndProject
Global
	GlobalSection(SolutionConfigurationPlatforms) = preSolution
		Debug|Win32 = Debug|Win32
		Release|Win32 = Release|Win32
	EndGlobalSection
	GlobalSection(ProjectConfigurationPlatforms) = postSolution
		{C666FEB8-7729-6902-2600-714A5D5373C8}.Debug|Win32.ActiveCfg = Debug|Win32
		{C666FEB8-7729-6902-2600-714A5D5373C8}.Debug|Win32.Build.0 = Debug|Win32
		{C666FEB8-7729-6902-2600-714A5D5373C8}.Release|Win32.ActiveCfg = Release|Win32
		{C666FEB8-7729-6902-2600-714A5D5373C8}.Release|Win32.Build.0 = Release|Win32
	EndGlobalSection
	GlobalSection(SolutionProperties) = preSolution
		HideSolutionNode = FALSE
	EndGlobalSection
EndGlobal
