
Microsoft Visual Studio Solution File, Format Version 11.00
# Visual Studio 2010
Project("{8BC9CEB8-8B4A-11D0-8D11-00A0C91BC942}") = "U_T_Diagram", "U_T_Diagram.vcxproj", "{ED0B9598-5EEF-CABD-8F27-1DF05623ABB1}"
EndProject
Global
	GlobalSection(SolutionConfigurationPlatforms) = preSolution
		Debug|Win32 = Debug|Win32
		Release|Win32 = Release|Win32
	EndGlobalSection
	GlobalSection(ProjectConfigurationPlatforms) = postSolution
		{ED0B9598-5EEF-CABD-8F27-1DF05623ABB1}.Debug|Win32.ActiveCfg = Debug|Win32
		{ED0B9598-5EEF-CABD-8F27-1DF05623ABB1}.Debug|Win32.Build.0 = Debug|Win32
		{ED0B9598-5EEF-CABD-8F27-1DF05623ABB1}.Release|Win32.ActiveCfg = Release|Win32
		{ED0B9598-5EEF-CABD-8F27-1DF05623ABB1}.Release|Win32.Build.0 = Release|Win32
	EndGlobalSection
	GlobalSection(SolutionProperties) = preSolution
		HideSolutionNode = FALSE
	EndGlobalSection
EndGlobal
